// !$*UTF8*$!
{
	archiveVersion = 1;
	classes = {
	};
	objectVersion = 77;
	objects = {

/* Begin PBXBuildFile section */
		0225CEC452E7A75AE17EF945 /* CalendarEvent.swift in Sources */ = {isa = PBXBuildFile; fileRef = C46854FE6A3FE2A98C63D427 /* CalendarEvent.swift */; };
		1E52AACB71271620E95DEB07 /* SettingsView.swift in Sources */ = {isa = PBXBuildFile; fileRef = FA51BB438A6C1580238FF6A0 /* SettingsView.swift */; };
		35200268AF598839EB287C75 /* ReminderScheduler.swift in Sources */ = {isa = PBXBuildFile; fileRef = 936209C1323EF26F186ED4D5 /* ReminderScheduler.swift */; };
		5C3E0A1AB7D34A2B6E20B619 /* AlertView.swift in Sources */ = {isa = PBXBuildFile; fileRef = 8F38123609E8320C80E8B3EC /* AlertView.swift */; };
		8E1AD5BC415B11BF0B434A5D /* AppSettings.swift in Sources */ = {isa = PBXBuildFile; fileRef = C5DC8C4725EB3DADEA4702AD /* AppSettings.swift */; };
		9FE0C584D454AD12B6512220 /* Assets.xcassets in Resources */ = {isa = PBXBuildFile; fileRef = C9A78E4A47048AC0E7FD39E1 /* Assets.xcassets */; };
		AE9304D58C65538FF5C87656 /* ZoomURLExtractor.swift in Sources */ = {isa = PBXBuildFile; fileRef = B680B8C50A9BE6FDEC748332 /* ZoomURLExtractor.swift */; };
		B2FDD00167F886AFEE0BC3CF /* MenuBarManager.swift in Sources */ = {isa = PBXBuildFile; fileRef = 98E416E3F02E2F1D7BB2F829 /* MenuBarManager.swift */; };
		BB4FCA74B3E3E6E510B1510F /* AppDelegate.swift in Sources */ = {isa = PBXBuildFile; fileRef = B3E2B1B1FE2AFD7B21275890 /* AppDelegate.swift */; };
		CA10BBF57391976D496BB9F3 /* CalendarManager.swift in Sources */ = {isa = PBXBuildFile; fileRef = 1F085999B6730AF29C091462 /* CalendarManager.swift */; };
		D2AB633290B235B042F5BBC2 /* AlertWindowController.swift in Sources */ = {isa = PBXBuildFile; fileRef = 8634D7A9EDB83328BCDB7787 /* AlertWindowController.swift */; };
		D3D6E31EDBF1DF72B0D7DFE0 /* MeetingRemindersApp.swift in Sources */ = {isa = PBXBuildFile; fileRef = EE2AFE1DD3D1DCD4544F5C6D /* MeetingRemindersApp.swift */; };
/* End PBXBuildFile section */

/* Begin PBXFileReference section */
		0B8767B12EEFF47AE902C533 /* MeetingReminders.app */ = {isa = PBXFileReference; explicitFileType = wrapper.application; includeInIndex = 0; path = MeetingReminders.app; sourceTree = BUILT_PRODUCTS_DIR; };
		1F085999B6730AF29C091462 /* CalendarManager.swift */ = {isa = PBXFileReference; lastKnownFileType = sourcecode.swift; path = CalendarManager.swift; sourceTree = "<group>"; };
		8634D7A9EDB83328BCDB7787 /* AlertWindowController.swift */ = {isa = PBXFileReference; lastKnownFileType = sourcecode.swift; path = AlertWindowController.swift; sourceTree = "<group>"; };
		8F38123609E8320C80E8B3EC /* AlertView.swift */ = {isa = PBXFileReference; lastKnownFileType = sourcecode.swift; path = AlertView.swift; sourceTree = "<group>"; };
		936209C1323EF26F186ED4D5 /* ReminderScheduler.swift */ = {isa = PBXFileReference; lastKnownFileType = sourcecode.swift; path = ReminderScheduler.swift; sourceTree = "<group>"; };
		98E416E3F02E2F1D7BB2F829 /* MenuBarManager.swift */ = {isa = PBXFileReference; lastKnownFileType = sourcecode.swift; path = MenuBarManager.swift; sourceTree = "<group>"; };
		B3E2B1B1FE2AFD7B21275890 /* AppDelegate.swift */ = {isa = PBXFileReference; lastKnownFileType = sourcecode.swift; path = AppDelegate.swift; sourceTree = "<group>"; };
		B680B8C50A9BE6FDEC748332 /* ZoomURLExtractor.swift */ = {isa = PBXFileReference; lastKnownFileType = sourcecode.swift; path = ZoomURLExtractor.swift; sourceTree = "<group>"; };
		C46854FE6A3FE2A98C63D427 /* CalendarEvent.swift */ = {isa = PBXFileReference; lastKnownFileType = sourcecode.swift; path = CalendarEvent.swift; sourceTree = "<group>"; };
		C5DC8C4725EB3DADEA4702AD /* AppSettings.swift */ = {isa = PBXFileReference; lastKnownFileType = sourcecode.swift; path = AppSettings.swift; sourceTree = "<group>"; };
		C6EDC01CDA658F997CF9DB0A /* MeetingReminders.entitlements */ = {isa = PBXFileReference; lastKnownFileType = text.plist.entitlements; path = MeetingReminders.entitlements; sourceTree = "<group>"; };
		C9A78E4A47048AC0E7FD39E1 /* Assets.xcassets */ = {isa = PBXFileReference; lastKnownFileType = folder.assetcatalog; path = Assets.xcassets; sourceTree = "<group>"; };
		E7FCD215E1A983DCB085AE75 /* Info.plist */ = {isa = PBXFileReference; lastKnownFileType = text.plist; path = Info.plist; sourceTree = "<group>"; };
		EE2AFE1DD3D1DCD4544F5C6D /* MeetingRemindersApp.swift */ = {isa = PBXFileReference; lastKnownFileType = sourcecode.swift; path = MeetingRemindersApp.swift; sourceTree = "<group>"; };
		FA51BB438A6C1580238FF6A0 /* SettingsView.swift */ = {isa = PBXFileReference; lastKnownFileType = sourcecode.swift; path = SettingsView.swift; sourceTree = "<group>"; };
/* End PBXFileReference section */

/* Begin PBXGroup section */
		034CADCA1E5E5516EC1A9DC3 /* Settings */ = {
			isa = PBXGroup;
			children = (
				C5DC8C4725EB3DADEA4702AD /* AppSettings.swift */,
				FA51BB438A6C1580238FF6A0 /* SettingsView.swift */,
			);
			path = Settings;
			sourceTree = "<group>";
		};
		1AFC1169AFA150DA1BB059E7 /* Products */ = {
			isa = PBXGroup;
			children = (
				0B8767B12EEFF47AE902C533 /* MeetingReminders.app */,
			);
			name = Products;
			sourceTree = "<group>";
		};
		1E078BE6E1721C36D11DD468 /* Calendar */ = {
			isa = PBXGroup;
			children = (
				C46854FE6A3FE2A98C63D427 /* CalendarEvent.swift */,
				1F085999B6730AF29C091462 /* CalendarManager.swift */,
				B680B8C50A9BE6FDEC748332 /* ZoomURLExtractor.swift */,
			);
			path = Calendar;
			sourceTree = "<group>";
		};
		9CB8DA136E5FE9ADAADF5769 /* Scheduling */ = {
			isa = PBXGroup;
			children = (
				936209C1323EF26F186ED4D5 /* ReminderScheduler.swift */,
			);
			path = Scheduling;
			sourceTree = "<group>";
		};
		9EFE6B5FC1493B5C0F65EEAF /* MenuBar */ = {
			isa = PBXGroup;
			children = (
				98E416E3F02E2F1D7BB2F829 /* MenuBarManager.swift */,
			);
			path = MenuBar;
			sourceTree = "<group>";
		};
		AC2459480F8B025E2E33DC54 = {
			isa = PBXGroup;
			children = (
				B1413821E238C7088EBE4DA6 /* MeetingReminders */,
				1AFC1169AFA150DA1BB059E7 /* Products */,
			);
			sourceTree = "<group>";
		};
		B1413821E238C7088EBE4DA6 /* MeetingReminders */ = {
			isa = PBXGroup;
			children = (
				C9A78E4A47048AC0E7FD39E1 /* Assets.xcassets */,
				C6EDC01CDA658F997CF9DB0A /* MeetingReminders.entitlements */,
				B2D7B967D5809D39045B5EFA /* Alert */,
				D8961BD01236565BC6030A0B /* App */,
				1E078BE6E1721C36D11DD468 /* Calendar */,
				9EFE6B5FC1493B5C0F65EEAF /* MenuBar */,
				9CB8DA136E5FE9ADAADF5769 /* Scheduling */,
				034CADCA1E5E5516EC1A9DC3 /* Settings */,
			);
			path = MeetingReminders;
			sourceTree = "<group>";
		};
		B2D7B967D5809D39045B5EFA /* Alert */ = {
			isa = PBXGroup;
			children = (
				8F38123609E8320C80E8B3EC /* AlertView.swift */,
				8634D7A9EDB83328BCDB7787 /* AlertWindowController.swift */,
			);
			path = Alert;
			sourceTree = "<group>";
		};
		D8961BD01236565BC6030A0B /* App */ = {
			isa = PBXGroup;
			children = (
				B3E2B1B1FE2AFD7B21275890 /* AppDelegate.swift */,
				E7FCD215E1A983DCB085AE75 /* Info.plist */,
				EE2AFE1DD3D1DCD4544F5C6D /* MeetingRemindersApp.swift */,
			);
			path = App;
			sourceTree = "<group>";
		};
/* End PBXGroup section */

/* Begin PBXNativeTarget section */
		4F70AA462D65FDDD63195061 /* MeetingReminders */ = {
			isa = PBXNativeTarget;
			buildConfigurationList = 58A141894CCB95B92B1B3DE3 /* Build configuration list for PBXNativeTarget "MeetingReminders" */;
			buildPhases = (
				7A3FABC6935B4606D1A0ED08 /* Sources */,
				C42BC6305EDD4B0F941C29AB /* Resources */,
			);
			buildRules = (
			);
			dependencies = (
			);
			name = MeetingReminders;
			packageProductDependencies = (
			);
			productName = MeetingReminders;
			productReference = 0B8767B12EEFF47AE902C533 /* MeetingReminders.app */;
			productType = "com.apple.product-type.application";
		};
/* End PBXNativeTarget section */

/* Begin PBXProject section */
		F176557CDADE4B44F6B392BB /* Project object */ = {
			isa = PBXProject;
			attributes = {
				BuildIndependentTargetsInParallel = YES;
				LastUpgradeCheck = 1600;
				TargetAttributes = {
					4F70AA462D65FDDD63195061 = {
						ProvisioningStyle = Manual;
					};
				};
			};
			buildConfigurationList = 9B90C26D3617F85F20B27746 /* Build configuration list for PBXProject "MeetingReminders" */;
			compatibilityVersion = "Xcode 14.0";
			developmentRegion = en;
			hasScannedForEncodings = 0;
			knownRegions = (
				Base,
				en,
			);
			mainGroup = AC2459480F8B025E2E33DC54;
			minimizedProjectReferenceProxies = 1;
			preferredProjectObjectVersion = 77;
			projectDirPath = "";
			projectRoot = "";
			targets = (
				4F70AA462D65FDDD63195061 /* MeetingReminders */,
			);
		};
/* End PBXProject section */

/* Begin PBXResourcesBuildPhase section */
		C42BC6305EDD4B0F941C29AB /* Resources */ = {
			isa = PBXResourcesBuildPhase;
			buildActionMask = 2147483647;
			files = (
				9FE0C584D454AD12B6512220 /* Assets.xcassets in Resources */,
			);
			runOnlyForDeploymentPostprocessing = 0;
		};
/* End PBXResourcesBuildPhase section */

/* Begin PBXSourcesBuildPhase section */
		7A3FABC6935B4606D1A0ED08 /* Sources */ = {
			isa = PBXSourcesBuildPhase;
			buildActionMask = 2147483647;
			files = (
				5C3E0A1AB7D34A2B6E20B619 /* AlertView.swift in Sources */,
				D2AB633290B235B042F5BBC2 /* AlertWindowController.swift in Sources */,
				BB4FCA74B3E3E6E510B1510F /* AppDelegate.swift in Sources */,
				8E1AD5BC415B11BF0B434A5D /* AppSettings.swift in Sources */,
				0225CEC452E7A75AE17EF945 /* CalendarEvent.swift in Sources */,
				CA10BBF57391976D496BB9F3 /* CalendarManager.swift in Sources */,
				D3D6E31EDBF1DF72B0D7DFE0 /* MeetingRemindersApp.swift in Sources */,
				B2FDD00167F886AFEE0BC3CF /* MenuBarManager.swift in Sources */,
				35200268AF598839EB287C75 /* ReminderScheduler.swift in Sources */,
				1E52AACB71271620E95DEB07 /* SettingsView.swift in Sources */,
				AE9304D58C65538FF5C87656 /* ZoomURLExtractor.swift in Sources */,
			);
			runOnlyForDeploymentPostprocessing = 0;
		};
/* End PBXSourcesBuildPhase section */

/* Begin XCBuildConfiguration section */
		0676DD7DF3F4347DECA2E99F /* Release */ = {
			isa = XCBuildConfiguration;
			buildSettings = {
				ASSETCATALOG_COMPILER_APPICON_NAME = AppIcon;
				CODE_SIGN_ENTITLEMENTS = MeetingReminders/MeetingReminders.entitlements;
				CODE_SIGN_IDENTITY = "-";
				CODE_SIGN_STYLE = Manual;
				COMBINE_HIDPI_IMAGES = YES;
				CURRENT_PROJECT_VERSION = 1;
				GENERATE_INFOPLIST_FILE = NO;
				INFOPLIST_FILE = MeetingReminders/App/Info.plist;
				LD_RUNPATH_SEARCH_PATHS = (
					"$(inherited)",
					"@executable_path/../Frameworks",
				);
				MARKETING_VERSION = 1.0.0;
				PRODUCT_BUNDLE_IDENTIFIER = com.dpeck.MeetingReminders;
				SDKROOT = macosx;
				SWIFT_VERSION = 5.9;
			};
			name = Release;
		};
		1E6DE35824EC5EEB58A95717 /* Release */ = {
			isa = XCBuildConfiguration;
			buildSettings = {
				ALWAYS_SEARCH_USER_PATHS = NO;
				CLANG_ANALYZER_NONNULL = YES;
				CLANG_ANALYZER_NUMBER_OBJECT_CONVERSION = YES_AGGRESSIVE;
				CLANG_CXX_LANGUAGE_STANDARD = "gnu++14";
				CLANG_CXX_LIBRARY = "libc++";
				CLANG_ENABLE_MODULES = YES;
				CLANG_ENABLE_OBJC_ARC = YES;
				CLANG_ENABLE_OBJC_WEAK = YES;
				CLANG_WARN_BLOCK_CAPTURE_AUTORELEASING = YES;
				CLANG_WARN_BOOL_CONVERSION = YES;
				CLANG_WARN_COMMA = YES;
				CLANG_WARN_CONSTANT_CONVERSION = YES;
				CLANG_WARN_DEPRECATED_OBJC_IMPLEMENTATIONS = YES;
				CLANG_WARN_DIRECT_OBJC_ISA_USAGE = YES_ERROR;
				CLANG_WARN_DOCUMENTATION_COMMENTS = YES;
				CLANG_WARN_EMPTY_BODY = YES;
				CLANG_WARN_ENUM_CONVERSION = YES;
				CLANG_WARN_INFINITE_RECURSION = YES;
				CLANG_WARN_INT_CONVERSION = YES;
				CLANG_WARN_NON_LITERAL_NULL_CONVERSION = YES;
				CLANG_WARN_OBJC_IMPLICIT_RETAIN_SELF = YES;
				CLANG_WARN_OBJC_LITERAL_CONVERSION = YES;
				CLANG_WARN_OBJC_ROOT_CLASS = YES_ERROR;
				CLANG_WARN_QUOTED_INCLUDE_IN_FRAMEWORK_HEADER = YES;
				CLANG_WARN_RANGE_LOOP_ANALYSIS = YES;
				CLANG_WARN_STRICT_PROTOTYPES = YES;
				CLANG_WARN_SUSPICIOUS_MOVE = YES;
				CLANG_WARN_UNGUARDED_AVAILABILITY = YES_AGGRESSIVE;
				CLANG_WARN_UNREACHABLE_CODE = YES;
				CLANG_WARN__DUPLICATE_METHOD_MATCH = YES;
				COPY_PHASE_STRIP = NO;
				DEBUG_INFORMATION_FORMAT = "dwarf-with-dsym";
				ENABLE_NS_ASSERTIONS = NO;
				ENABLE_STRICT_OBJC_MSGSEND = YES;
				GCC_C_LANGUAGE_STANDARD = gnu11;
				GCC_NO_COMMON_BLOCKS = YES;
				GCC_WARN_64_TO_32_BIT_CONVERSION = YES;
				GCC_WARN_ABOUT_RETURN_TYPE = YES_ERROR;
				GCC_WARN_UNDECLARED_SELECTOR = YES;
				GCC_WARN_UNINITIALIZED_AUTOS = YES_AGGRESSIVE;
				GCC_WARN_UNUSED_FUNCTION = YES;
				GCC_WARN_UNUSED_VARIABLE = YES;
				MACOSX_DEPLOYMENT_TARGET = 13.0;
				MTL_ENABLE_DEBUG_INFO = NO;
				MTL_FAST_MATH = YES;
				PRODUCT_NAME = "$(TARGET_NAME)";
				SDKROOT = macosx;
				SWIFT_COMPILATION_MODE = wholemodule;
				SWIFT_OPTIMIZATION_LEVEL = "-O";
				SWIFT_VERSION = 5.0;
			};
			name = Release;
		};
		4447D50DC11DA1CEB2C562E7 /* Debug */ = {
			isa = XCBuildConfiguration;
			buildSettings = {
				ASSETCATALOG_COMPILER_APPICON_NAME = AppIcon;
				CODE_SIGN_ENTITLEMENTS = MeetingReminders/MeetingReminders.entitlements;
				CODE_SIGN_IDENTITY = "-";
				CODE_SIGN_STYLE = Manual;
				COMBINE_HIDPI_IMAGES = YES;
				CURRENT_PROJECT_VERSION = 1;
				GENERATE_INFOPLIST_FILE = NO;
				INFOPLIST_FILE = MeetingReminders/App/Info.plist;
				LD_RUNPATH_SEARCH_PATHS = (
					"$(inherited)",
					"@executable_path/../Frameworks",
				);
				MARKETING_VERSION = 1.0.0;
				PRODUCT_BUNDLE_IDENTIFIER = com.dpeck.MeetingReminders;
				SDKROOT = macosx;
				SWIFT_VERSION = 5.9;
			};
			name = Debug;
		};
		4EFF3EAFCBCAF9677FBEEE72 /* Debug */ = {
			isa = XCBuildConfiguration;
			buildSettings = {
				ALWAYS_SEARCH_USER_PATHS = NO;
				CLANG_ANALYZER_NONNULL = YES;
				CLANG_ANALYZER_NUMBER_OBJECT_CONVERSION = YES_AGGRESSIVE;
				CLANG_CXX_LANGUAGE_STANDARD = "gnu++14";
				CLANG_CXX_LIBRARY = "libc++";
				CLANG_ENABLE_MODULES = YES;
				CLANG_ENABLE_OBJC_ARC = YES;
				CLANG_ENABLE_OBJC_WEAK = YES;
				CLANG_WARN_BLOCK_CAPTURE_AUTORELEASING = YES;
				CLANG_WARN_BOOL_CONVERSION = YES;
				CLANG_WARN_COMMA = YES;
				CLANG_WARN_CONSTANT_CONVERSION = YES;
				CLANG_WARN_DEPRECATED_OBJC_IMPLEMENTATIONS = YES;
				CLANG_WARN_DIRECT_OBJC_ISA_USAGE = YES_ERROR;
				CLANG_WARN_DOCUMENTATION_COMMENTS = YES;
				CLANG_WARN_EMPTY_BODY = YES;
				CLANG_WARN_ENUM_CONVERSION = YES;
				CLANG_WARN_INFINITE_RECURSION = YES;
				CLANG_WARN_INT_CONVERSION = YES;
				CLANG_WARN_NON_LITERAL_NULL_CONVERSION = YES;
				CLANG_WARN_OBJC_IMPLICIT_RETAIN_SELF = YES;
				CLANG_WARN_OBJC_LITERAL_CONVERSION = YES;
				CLANG_WARN_OBJC_ROOT_CLASS = YES_ERROR;
				CLANG_WARN_QUOTED_INCLUDE_IN_FRAMEWORK_HEADER = YES;
				CLANG_WARN_RANGE_LOOP_ANALYSIS = YES;
				CLANG_WARN_STRICT_PROTOTYPES = YES;
				CLANG_WARN_SUSPICIOUS_MOVE = YES;
				CLANG_WARN_UNGUARDED_AVAILABILITY = YES_AGGRESSIVE;
				CLANG_WARN_UNREACHABLE_CODE = YES;
				CLANG_WARN__DUPLICATE_METHOD_MATCH = YES;
				COPY_PHASE_STRIP = NO;
				DEBUG_INFORMATION_FORMAT = dwarf;
				ENABLE_STRICT_OBJC_MSGSEND = YES;
				ENABLE_TESTABILITY = YES;
				GCC_C_LANGUAGE_STANDARD = gnu11;
				GCC_DYNAMIC_NO_PIC = NO;
				GCC_NO_COMMON_BLOCKS = YES;
				GCC_OPTIMIZATION_LEVEL = 0;
				GCC_PREPROCESSOR_DEFINITIONS = (
					"$(inherited)",
					"DEBUG=1",
				);
				GCC_WARN_64_TO_32_BIT_CONVERSION = YES;
				GCC_WARN_ABOUT_RETURN_TYPE = YES_ERROR;
				GCC_WARN_UNDECLARED_SELECTOR = YES;
				GCC_WARN_UNINITIALIZED_AUTOS = YES_AGGRESSIVE;
				GCC_WARN_UNUSED_FUNCTION = YES;
				GCC_WARN_UNUSED_VARIABLE = YES;
				MACOSX_DEPLOYMENT_TARGET = 13.0;
				MTL_ENABLE_DEBUG_INFO = INCLUDE_SOURCE;
				MTL_FAST_MATH = YES;
				ONLY_ACTIVE_ARCH = YES;
				PRODUCT_NAME = "$(TARGET_NAME)";
				SDKROOT = macosx;
				SWIFT_ACTIVE_COMPILATION_CONDITIONS = DEBUG;
				SWIFT_OPTIMIZATION_LEVEL = "-Onone";
				SWIFT_VERSION = 5.0;
			};
			name = Debug;
		};
/* End XCBuildConfiguration section */

/* Begin XCConfigurationList section */
		58A141894CCB95B92B1B3DE3 /* Build configuration list for PBXNativeTarget "MeetingReminders" */ = {
			isa = XCConfigurationList;
			buildConfigurations = (
				4447D50DC11DA1CEB2C562E7 /* Debug */,
				0676DD7DF3F4347DECA2E99F /* Release */,
			);
			defaultConfigurationIsVisible = 0;
			defaultConfigurationName = Debug;
		};
		9B90C26D3617F85F20B27746 /* Build configuration list for PBXProject "MeetingReminders" */ = {
			isa = XCConfigurationList;
			buildConfigurations = (
				4EFF3EAFCBCAF9677FBEEE72 /* Debug */,
				1E6DE35824EC5EEB58A95717 /* Release */,
			);
			defaultConfigurationIsVisible = 0;
			defaultConfigurationName = Debug;
		};
/* End XCConfigurationList section */
	};
	rootObject = F176557CDADE4B44F6B392BB /* Project object */;
}
